
Microsoft Visual Studio Solution File, Format Version 12.00
# Visual Studio Version 17
VisualStudioVersion = 17.11.35208.52
MinimumVisualStudioVersion = 10.0.40219.1
Project("{9A19103F-16F7-4668-BE54-9A1E7A4F7556}") = "Homeverse.Domain", "Homeverse.Domain\Homeverse.Domain.csproj", "{974B8454-61AA-48D3-BF61-EE63A8C9B781}"
EndProject
Project("{9A19103F-16F7-4668-BE54-9A1E7A4F7556}") = "Homeverse.Infrastructure", "Homeverse.Infrastructure\Homeverse.Infrastructure.csproj", "{6AD4E51D-A6B2-432A-9F6E-65BBB990E530}"
EndProject
Project("{9A19103F-16F7-4668-BE54-9A1E7A4F7556}") = "Homeverse.API", "Homeverse.API\Homeverse.API.csproj", "{B8F1FF04-9336-461C-AC98-5D43F98E0798}"
EndProject
Project("{9A19103F-16F7-4668-BE54-9A1E7A4F7556}") = "Homeverse.Application", "Homeverse.Application\Homeverse.Application.csproj", "{EFBBC0FB-695C-427B-A8EE-9AAFB69CEC87}"
EndProject
Project("{9A19103F-16F7-4668-BE54-9A1E7A4F7556}") = "Homeverse.UnitTest", "Homeverse.UnitTest\Homeverse.UnitTest.csproj", "{AF1669F3-7D1E-4688-AD3F-B40164CAAEBF}"
EndProject
Project("{9A19103F-16F7-4668-BE54-9A1E7A4F7556}") = "Homeverse.IntegrationTest", "Homeverse.IntegrationTest\Homeverse.IntegrationTest.csproj", "{D9AC13B2-BABA-436E-960D-6A6205038701}"
EndProject
Project("{2150E333-8FDC-42A3-9474-1A3956D46DE8}") = "src", "src", "{7FFE3D55-8236-435D-A7BD-E90E8E0D5CFF}"
EndProject
Project("{2150E333-8FDC-42A3-9474-1A3956D46DE8}") = "test", "test", "{A6D6B52B-32D9-4E79-85A6-42D297C82871}"
EndProject
Project("{FAE04EC0-301F-11D3-BF4B-00C04F79EFBC}") = "Homeverse.AutomationTest", "Homeverse.AutomationTest\Homeverse.AutomationTest.csproj", "{91BED461-781D-4C23-B995-6E5E877ADB54}"
EndProject
Global
	GlobalSection(SolutionConfigurationPlatforms) = preSolution
		Debug|Any CPU = Debug|Any CPU
		Release|Any CPU = Release|Any CPU
	EndGlobalSection
	GlobalSection(ProjectConfigurationPlatforms) = postSolution
		{974B8454-61AA-48D3-BF61-EE63A8C9B781}.Debug|Any CPU.ActiveCfg = Debug|Any CPU
		{974B8454-61AA-48D3-BF61-EE63A8C9B781}.Debug|Any CPU.Build.0 = Debug|Any CPU
		{974B8454-61AA-48D3-BF61-EE63A8C9B781}.Release|Any CPU.ActiveCfg = Release|Any CPU
		{974B8454-61AA-48D3-BF61-EE63A8C9B781}.Release|Any CPU.Build.0 = Release|Any CPU
		{6AD4E51D-A6B2-432A-9F6E-65BBB990E530}.Debug|Any CPU.ActiveCfg = Debug|Any CPU
		{6AD4E51D-A6B2-432A-9F6E-65BBB990E530}.Debug|Any CPU.Build.0 = Debug|Any CPU
		{6AD4E51D-A6B2-432A-9F6E-65BBB990E530}.Release|Any CPU.ActiveCfg = Release|Any CPU
		{6AD4E51D-A6B2-432A-9F6E-65BBB990E530}.Release|Any CPU.Build.0 = Release|Any CPU
		{B8F1FF04-9336-461C-AC98-5D43F98E0798}.Debug|Any CPU.ActiveCfg = Debug|Any CPU
		{B8F1FF04-9336-461C-AC98-5D43F98E0798}.Debug|Any CPU.Build.0 = Debug|Any CPU
		{B8F1FF04-9336-461C-AC98-5D43F98E0798}.Release|Any CPU.ActiveCfg = Release|Any CPU
		{B8F1FF04-9336-461C-AC98-5D43F98E0798}.Release|Any CPU.Build.0 = Release|Any CPU
		{EFBBC0FB-695C-427B-A8EE-9AAFB69CEC87}.Debug|Any CPU.ActiveCfg = Debug|Any CPU
		{EFBBC0FB-695C-427B-A8EE-9AAFB69CEC87}.Debug|Any CPU.Build.0 = Debug|Any CPU
		{EFBBC0FB-695C-427B-A8EE-9AAFB69CEC87}.Release|Any CPU.ActiveCfg = Release|Any CPU
		{EFBBC0FB-695C-427B-A8EE-9AAFB69CEC87}.Release|Any CPU.Build.0 = Release|Any CPU
		{AF1669F3-7D1E-4688-AD3F-B40164CAAEBF}.Debug|Any CPU.ActiveCfg = Debug|Any CPU
		{AF1669F3-7D1E-4688-AD3F-B40164CAAEBF}.Debug|Any CPU.Build.0 = Debug|Any CPU
		{AF1669F3-7D1E-4688-AD3F-B40164CAAEBF}.Release|Any CPU.ActiveCfg = Release|Any CPU
		{AF1669F3-7D1E-4688-AD3F-B40164CAAEBF}.Release|Any CPU.Build.0 = Release|Any CPU
		{D9AC13B2-BABA-436E-960D-6A6205038701}.Debug|Any CPU.ActiveCfg = Debug|Any CPU
		{D9AC13B2-BABA-436E-960D-6A6205038701}.Debug|Any CPU.Build.0 = Debug|Any CPU
		{D9AC13B2-BABA-436E-960D-6A6205038701}.Release|Any CPU.ActiveCfg = Release|Any CPU
		{D9AC13B2-BABA-436E-960D-6A6205038701}.Release|Any CPU.Build.0 = Release|Any CPU
		{91BED461-781D-4C23-B995-6E5E877ADB54}.Debug|Any CPU.ActiveCfg = Debug|Any CPU
		{91BED461-781D-4C23-B995-6E5E877ADB54}.Debug|Any CPU.Build.0 = Debug|Any CPU
		{91BED461-781D-4C23-B995-6E5E877ADB54}.Release|Any CPU.ActiveCfg = Release|Any CPU
		{91BED461-781D-4C23-B995-6E5E877ADB54}.Release|Any CPU.Build.0 = Release|Any CPU
	EndGlobalSection
	GlobalSection(SolutionProperties) = preSolution
		HideSolutionNode = FALSE
	EndGlobalSection
	GlobalSection(NestedProjects) = preSolution
		{974B8454-61AA-48D3-BF61-EE63A8C9B781} = {7FFE3D55-8236-435D-A7BD-E90E8E0D5CFF}
		{6AD4E51D-A6B2-432A-9F6E-65BBB990E530} = {7FFE3D55-8236-435D-A7BD-E90E8E0D5CFF}
		{B8F1FF04-9336-461C-AC98-5D43F98E0798} = {7FFE3D55-8236-435D-A7BD-E90E8E0D5CFF}
		{EFBBC0FB-695C-427B-A8EE-9AAFB69CEC87} = {7FFE3D55-8236-435D-A7BD-E90E8E0D5CFF}
		{AF1669F3-7D1E-4688-AD3F-B40164CAAEBF} = {A6D6B52B-32D9-4E79-85A6-42D297C82871}
		{D9AC13B2-BABA-436E-960D-6A6205038701} = {A6D6B52B-32D9-4E79-85A6-42D297C82871}
		{91BED461-781D-4C23-B995-6E5E877ADB54} = {A6D6B52B-32D9-4E79-85A6-42D297C82871}
	EndGlobalSection
	GlobalSection(ExtensibilityGlobals) = postSolution
		SolutionGuid = {FBFD61AB-50FD-482B-B273-65BB146BAE13}
	EndGlobalSection
EndGlobal
